
Microsoft Visual Studio Solution File, Format Version 12.00
# Visual Studio Version 16
VisualStudioVersion = 16.0.30804.86
MinimumVisualStudioVersion = 10.0.40219.1
Project("{FAE04EC0-301F-11D3-BF4B-00C04F79EFBC}") = "Tp.Android", "Tp\Tp.Android\Tp.Android.csproj", "{DFEDC965-B0E0-4E9A-BDD5-9E301226EF96}"
EndProject
Project("{FAE04EC0-301F-11D3-BF4B-00C04F79EFBC}") = "Tp.iOS", "Tp\Tp.iOS\Tp.iOS.csproj", "{62BB3002-111B-4181-B09A-D541006928B7}"
EndProject
Project("{FAE04EC0-301F-11D3-BF4B-00C04F79EFBC}") = "Tp", "Tp\Tp\Tp.csproj", "{69D2111E-0DF2-4EC7-B2DA-96717C6D3FDE}"
EndProject
Global
	GlobalSection(SolutionConfigurationPlatforms) = preSolution
		Debug|Any CPU = Debug|Any CPU
		Debug|iPhone = Debug|iPhone
		Debug|iPhoneSimulator = Debug|iPhoneSimulator
		Release|Any CPU = Release|Any CPU
		Release|iPhone = Release|iPhone
		Release|iPhoneSimulator = Release|iPhoneSimulator
	EndGlobalSection
	GlobalSection(ProjectConfigurationPlatforms) = postSolution
		{DFEDC965-B0E0-4E9A-BDD5-9E301226EF96}.Debug|Any CPU.ActiveCfg = Debug|Any CPU
		{DFEDC965-B0E0-4E9A-BDD5-9E301226EF96}.Debug|Any CPU.Build.0 = Debug|Any CPU
		{DFEDC965-B0E0-4E9A-BDD5-9E301226EF96}.Debug|Any CPU.Deploy.0 = Debug|Any CPU
		{DFEDC965-B0E0-4E9A-BDD5-9E301226EF96}.Debug|iPhone.ActiveCfg = Debug|Any CPU
		{DFEDC965-B0E0-4E9A-BDD5-9E301226EF96}.Debug|iPhone.Build.0 = Debug|Any CPU
		{DFEDC965-B0E0-4E9A-BDD5-9E301226EF96}.Debug|iPhone.Deploy.0 = Debug|Any CPU
		{DFEDC965-B0E0-4E9A-BDD5-9E301226EF96}.Debug|iPhoneSimulator.ActiveCfg = Debug|Any CPU
		{DFEDC965-B0E0-4E9A-BDD5-9E301226EF96}.Debug|iPhoneSimulator.Build.0 = Debug|Any CPU
		{DFEDC965-B0E0-4E9A-BDD5-9E301226EF96}.Debug|iPhoneSimulator.Deploy.0 = Debug|Any CPU
		{DFEDC965-B0E0-4E9A-BDD5-9E301226EF96}.Release|Any CPU.ActiveCfg = Release|Any CPU
		{DFEDC965-B0E0-4E9A-BDD5-9E301226EF96}.Release|Any CPU.Build.0 = Release|Any CPU
		{DFEDC965-B0E0-4E9A-BDD5-9E301226EF96}.Release|Any CPU.Deploy.0 = Release|Any CPU
		{DFEDC965-B0E0-4E9A-BDD5-9E301226EF96}.Release|iPhone.ActiveCfg = Release|Any CPU
		{DFEDC965-B0E0-4E9A-BDD5-9E301226EF96}.Release|iPhone.Build.0 = Release|Any CPU
		{DFEDC965-B0E0-4E9A-BDD5-9E301226EF96}.Release|iPhone.Deploy.0 = Release|Any CPU
		{DFEDC965-B0E0-4E9A-BDD5-9E301226EF96}.Release|iPhoneSimulator.ActiveCfg = Release|Any CPU
		{DFEDC965-B0E0-4E9A-BDD5-9E301226EF96}.Release|iPhoneSimulator.Build.0 = Release|Any CPU
		{DFEDC965-B0E0-4E9A-BDD5-9E301226EF96}.Release|iPhoneSimulator.Deploy.0 = Release|Any CPU
		{62BB3002-111B-4181-B09A-D541006928B7}.Debug|Any CPU.ActiveCfg = Debug|iPhone
		{62BB3002-111B-4181-B09A-D541006928B7}.Debug|Any CPU.Build.0 = Debug|iPhone
		{62BB3002-111B-4181-B09A-D541006928B7}.Debug|Any CPU.Deploy.0 = Debug|iPhone
		{62BB3002-111B-4181-B09A-D541006928B7}.Debug|iPhone.ActiveCfg = Debug|iPhone
		{62BB3002-111B-4181-B09A-D541006928B7}.Debug|iPhone.Build.0 = Debug|iPhone
		{62BB3002-111B-4181-B09A-D541006928B7}.Debug|iPhone.Deploy.0 = Debug|iPhone
		{62BB3002-111B-4181-B09A-D541006928B7}.Debug|iPhoneSimulator.ActiveCfg = Debug|iPhoneSimulator
		{62BB3002-111B-4181-B09A-D541006928B7}.Debug|iPhoneSimulator.Build.0 = Debug|iPhoneSimulator
		{62BB3002-111B-4181-B09A-D541006928B7}.Debug|iPhoneSimulator.Deploy.0 = Debug|iPhoneSimulator
		{62BB3002-111B-4181-B09A-D541006928B7}.Release|Any CPU.ActiveCfg = Release|iPhoneSimulator
		{62BB3002-111B-4181-B09A-D541006928B7}.Release|Any CPU.Build.0 = Release|iPhoneSimulator
		{62BB3002-111B-4181-B09A-D541006928B7}.Release|Any CPU.Deploy.0 = Release|iPhoneSimulator
		{62BB3002-111B-4181-B09A-D541006928B7}.Release|iPhone.ActiveCfg = Release|iPhone
		{62BB3002-111B-4181-B09A-D541006928B7}.Release|iPhone.Build.0 = Release|iPhone
		{62BB3002-111B-4181-B09A-D541006928B7}.Release|iPhone.Deploy.0 = Release|iPhone
		{62BB3002-111B-4181-B09A-D541006928B7}.Release|iPhoneSimulator.ActiveCfg = Release|iPhoneSimulator
		{62BB3002-111B-4181-B09A-D541006928B7}.Release|iPhoneSimulator.Build.0 = Release|iPhoneSimulator
		{62BB3002-111B-4181-B09A-D541006928B7}.Release|iPhoneSimulator.Deploy.0 = Release|iPhoneSimulator
		{69D2111E-0DF2-4EC7-B2DA-96717C6D3FDE}.Debug|Any CPU.ActiveCfg = Debug|Any CPU
		{69D2111E-0DF2-4EC7-B2DA-96717C6D3FDE}.Debug|Any CPU.Build.0 = Debug|Any CPU
		{69D2111E-0DF2-4EC7-B2DA-96717C6D3FDE}.Debug|Any CPU.Deploy.0 = Debug|Any CPU
		{69D2111E-0DF2-4EC7-B2DA-96717C6D3FDE}.Debug|iPhone.ActiveCfg = Debug|Any CPU
		{69D2111E-0DF2-4EC7-B2DA-96717C6D3FDE}.Debug|iPhone.Build.0 = Debug|Any CPU
		{69D2111E-0DF2-4EC7-B2DA-96717C6D3FDE}.Debug|iPhone.Deploy.0 = Debug|Any CPU
		{69D2111E-0DF2-4EC7-B2DA-96717C6D3FDE}.Debug|iPhoneSimulator.ActiveCfg = Debug|Any CPU
		{69D2111E-0DF2-4EC7-B2DA-96717C6D3FDE}.Debug|iPhoneSimulator.Build.0 = Debug|Any CPU
		{69D2111E-0DF2-4EC7-B2DA-96717C6D3FDE}.Debug|iPhoneSimulator.Deploy.0 = Debug|Any CPU
		{69D2111E-0DF2-4EC7-B2DA-96717C6D3FDE}.Release|Any CPU.ActiveCfg = Release|Any CPU
		{69D2111E-0DF2-4EC7-B2DA-96717C6D3FDE}.Release|Any CPU.Build.0 = Release|Any CPU
		{69D2111E-0DF2-4EC7-B2DA-96717C6D3FDE}.Release|Any CPU.Deploy.0 = Release|Any CPU
		{69D2111E-0DF2-4EC7-B2DA-96717C6D3FDE}.Release|iPhone.ActiveCfg = Release|Any CPU
		{69D2111E-0DF2-4EC7-B2DA-96717C6D3FDE}.Release|iPhone.Build.0 = Release|Any CPU
		{69D2111E-0DF2-4EC7-B2DA-96717C6D3FDE}.Release|iPhone.Deploy.0 = Release|Any CPU
		{69D2111E-0DF2-4EC7-B2DA-96717C6D3FDE}.Release|iPhoneSimulator.ActiveCfg = Release|Any CPU
		{69D2111E-0DF2-4EC7-B2DA-96717C6D3FDE}.Release|iPhoneSimulator.Build.0 = Release|Any CPU
		{69D2111E-0DF2-4EC7-B2DA-96717C6D3FDE}.Release|iPhoneSimulator.Deploy.0 = Release|Any CPU
	EndGlobalSection
	GlobalSection(SolutionProperties) = preSolution
		HideSolutionNode = FALSE
	EndGlobalSection
	GlobalSection(ExtensibilityGlobals) = postSolution
		SolutionGuid = {C6A3944C-9CF4-4FC0-9603-667BDB86E8DC}
	EndGlobalSection
EndGlobal
